
Microsoft Visual Studio Solution File, Format Version 12.00
# Visual Studio Version 16
VisualStudioVersion = 16.0.28803.352
MinimumVisualStudioVersion = 10.0.40219.1
Project("{2150E333-8FDC-42A3-9474-1A3956D46DE8}") = "Using Redis", "Using Redis", "{1B0D6F4E-6FDF-421D-B6B5-541950AC6816}"
EndProject
Project("{FAE04EC0-301F-11D3-BF4B-00C04F79EFBC}") = "ChatServerOnRedis", "ChatServerOnRedis\ChatServerOnRedis.csproj", "{BA3158AA-D36A-4F57-AA9C-7AE9AF477ADB}"
EndProject
Project("{FAE04EC0-301F-11D3-BF4B-00C04F79EFBC}") = "SharedInterface", "SharedInterface\SharedInterface.csproj", "{418C552A-06EC-4765-8ECE-0622C91C39AA}"
EndProject
Project("{FAE04EC0-301F-11D3-BF4B-00C04F79EFBC}") = "ChatClientOnRedis", "ChatClientOnRedis\ChatClientOnRedis.csproj", "{72EE46FC-F2DB-476B-A172-248C1DC21EBF}"
EndProject
Global
	GlobalSection(SolutionConfigurationPlatforms) = preSolution
		Debug|Any CPU = Debug|Any CPU
		Release|Any CPU = Release|Any CPU
	EndGlobalSection
	GlobalSection(ProjectConfigurationPlatforms) = postSolution
		{BA3158AA-D36A-4F57-AA9C-7AE9AF477ADB}.Debug|Any CPU.ActiveCfg = Debug|Any CPU
		{BA3158AA-D36A-4F57-AA9C-7AE9AF477ADB}.Debug|Any CPU.Build.0 = Debug|Any CPU
		{BA3158AA-D36A-4F57-AA9C-7AE9AF477ADB}.Release|Any CPU.ActiveCfg = Release|Any CPU
		{BA3158AA-D36A-4F57-AA9C-7AE9AF477ADB}.Release|Any CPU.Build.0 = Release|Any CPU
		{418C552A-06EC-4765-8ECE-0622C91C39AA}.Debug|Any CPU.ActiveCfg = Debug|Any CPU
		{418C552A-06EC-4765-8ECE-0622C91C39AA}.Debug|Any CPU.Build.0 = Debug|Any CPU
		{418C552A-06EC-4765-8ECE-0622C91C39AA}.Release|Any CPU.ActiveCfg = Release|Any CPU
		{418C552A-06EC-4765-8ECE-0622C91C39AA}.Release|Any CPU.Build.0 = Release|Any CPU
		{72EE46FC-F2DB-476B-A172-248C1DC21EBF}.Debug|Any CPU.ActiveCfg = Debug|Any CPU
		{72EE46FC-F2DB-476B-A172-248C1DC21EBF}.Debug|Any CPU.Build.0 = Debug|Any CPU
		{72EE46FC-F2DB-476B-A172-248C1DC21EBF}.Release|Any CPU.ActiveCfg = Release|Any CPU
		{72EE46FC-F2DB-476B-A172-248C1DC21EBF}.Release|Any CPU.Build.0 = Release|Any CPU
	EndGlobalSection
	GlobalSection(SolutionProperties) = preSolution
		HideSolutionNode = FALSE
	EndGlobalSection
	GlobalSection(NestedProjects) = preSolution
		{BA3158AA-D36A-4F57-AA9C-7AE9AF477ADB} = {1B0D6F4E-6FDF-421D-B6B5-541950AC6816}
		{72EE46FC-F2DB-476B-A172-248C1DC21EBF} = {1B0D6F4E-6FDF-421D-B6B5-541950AC6816}
	EndGlobalSection
	GlobalSection(ExtensibilityGlobals) = postSolution
		SolutionGuid = {E61C91A7-0BFB-4883-9F56-7E793A861712}
	EndGlobalSection
EndGlobal
